
Microsoft Visual Studio Solution File, Format Version 12.00
# Visual Studio 15
VisualStudioVersion = 15.0.27703.2035
MinimumVisualStudioVersion = 10.0.40219.1
Project("{FAE04EC0-301F-11D3-BF4B-00C04F79EFBC}") = "TicTacToe", "TicTacToe\TicTacToe.csproj", "{AFA8AB48-AB18-4068-BE4C-170A7C687AC9}"
EndProject
Global
	GlobalSection(SolutionConfigurationPlatforms) = preSolution
		Debug|Any CPU = Debug|Any CPU
		Release|Any CPU = Release|Any CPU
	EndGlobalSection
	GlobalSection(ProjectConfigurationPlatforms) = postSolution
		{AFA8AB48-AB18-4068-BE4C-170A7C687AC9}.Debug|Any CPU.ActiveCfg = Debug|Any CPU
		{AFA8AB48-AB18-4068-BE4C-170A7C687AC9}.Debug|Any CPU.Build.0 = Debug|Any CPU
		{AFA8AB48-AB18-4068-BE4C-170A7C687AC9}.Release|Any CPU.ActiveCfg = Release|Any CPU
		{AFA8AB48-AB18-4068-BE4C-170A7C687AC9}.Release|Any CPU.Build.0 = Release|Any CPU
	EndGlobalSection
	GlobalSection(SolutionProperties) = preSolution
		HideSolutionNode = FALSE
	EndGlobalSection
	GlobalSection(ExtensibilityGlobals) = postSolution
		SolutionGuid = {B546F66B-47A1-42D9-BB9E-EE1F83AD90A8}
	EndGlobalSection
EndGlobal
